// !$*UTF8*$!
{
	archiveVersion = 1;
	classes = {
	};
	objectVersion = 50;
	objects = {

/* Begin PBXBuildFile section */
		2AB27047265530A9001EB8C9 /* AppDelegate.swift in Sources */ = {isa = PBXBuildFile; fileRef = 2AB27046265530A9001EB8C9 /* AppDelegate.swift */; };
		2AB27049265530A9001EB8C9 /* MainWindow.swift in Sources */ = {isa = PBXBuildFile; fileRef = 2AB27048265530A9001EB8C9 /* MainWindow.swift */; };
		2AB2704B265530AA001EB8C9 /* Assets.xcassets in Resources */ = {isa = PBXBuildFile; fileRef = 2AB2704A265530AA001EB8C9 /* Assets.xcassets */; };
		2AB2704E265530AA001EB8C9 /* Main.storyboard in Resources */ = {isa = PBXBuildFile; fileRef = 2AB2704C265530AA001EB8C9 /* Main.storyboard */; };
		2AB2705C265546E8001EB8C9 /* sleepwatcher in Resources */ = {isa = PBXBuildFile; fileRef = 2AB2705B265546E8001EB8C9 /* sleepwatcher */; };
/* End PBXBuildFile section */

/* Begin PBXFileReference section */
		2AB27043265530A9001EB8C9 /* Sleep-o-Mat.app */ = {isa = PBXFileReference; explicitFileType = wrapper.application; includeInIndex = 0; path = "Sleep-o-Mat.app"; sourceTree = BUILT_PRODUCTS_DIR; };
		2AB27046265530A9001EB8C9 /* AppDelegate.swift */ = {isa = PBXFileReference; lastKnownFileType = sourcecode.swift; path = AppDelegate.swift; sourceTree = "<group>"; };
		2AB27048265530A9001EB8C9 /* MainWindow.swift */ = {isa = PBXFileReference; lastKnownFileType = sourcecode.swift; path = MainWindow.swift; sourceTree = "<group>"; };
		2AB2704A265530AA001EB8C9 /* Assets.xcassets */ = {isa = PBXFileReference; lastKnownFileType = folder.assetcatalog; path = Assets.xcassets; sourceTree = "<group>"; };
		2AB2704D265530AA001EB8C9 /* Base */ = {isa = PBXFileReference; lastKnownFileType = file.storyboard; name = Base; path = Base.lproj/Main.storyboard; sourceTree = "<group>"; };
		2AB2704F265530AA001EB8C9 /* Info.plist */ = {isa = PBXFileReference; lastKnownFileType = text.plist.xml; path = Info.plist; sourceTree = "<group>"; };
		2AB27050265530AA001EB8C9 /* Sleep_o_Mat.entitlements */ = {isa = PBXFileReference; lastKnownFileType = text.plist.entitlements; path = Sleep_o_Mat.entitlements; sourceTree = "<group>"; };
		2AB2705B265546E8001EB8C9 /* sleepwatcher */ = {isa = PBXFileReference; lastKnownFileType = "compiled.mach-o.executable"; path = sleepwatcher; sourceTree = "<group>"; };
/* End PBXFileReference section */

/* Begin PBXFrameworksBuildPhase section */
		2AB27040265530A9001EB8C9 /* Frameworks */ = {
			isa = PBXFrameworksBuildPhase;
			buildActionMask = 2147483647;
			files = (
			);
			runOnlyForDeploymentPostprocessing = 0;
		};
/* End PBXFrameworksBuildPhase section */

/* Begin PBXGroup section */
		2AB2703A265530A9001EB8C9 = {
			isa = PBXGroup;
			children = (
				2AB27045265530A9001EB8C9 /* Sleep-o-Mat */,
				2AB27044265530A9001EB8C9 /* Products */,
			);
			sourceTree = "<group>";
		};
		2AB27044265530A9001EB8C9 /* Products */ = {
			isa = PBXGroup;
			children = (
				2AB27043265530A9001EB8C9 /* Sleep-o-Mat.app */,
			);
			name = Products;
			sourceTree = "<group>";
		};
		2AB27045265530A9001EB8C9 /* Sleep-o-Mat */ = {
			isa = PBXGroup;
			children = (
				2AB2705E2655470D001EB8C9 /* script */,
				2AB2705A265546E8001EB8C9 /* bin */,
				2AB27046265530A9001EB8C9 /* AppDelegate.swift */,
				2AB27048265530A9001EB8C9 /* MainWindow.swift */,
				2AB2704A265530AA001EB8C9 /* Assets.xcassets */,
				2AB2704C265530AA001EB8C9 /* Main.storyboard */,
				2AB2704F265530AA001EB8C9 /* Info.plist */,
				2AB27050265530AA001EB8C9 /* Sleep_o_Mat.entitlements */,
			);
			path = "Sleep-o-Mat";
			sourceTree = "<group>";
		};
		2AB2705A265546E8001EB8C9 /* bin */ = {
			isa = PBXGroup;
			children = (
				2AB2705B265546E8001EB8C9 /* sleepwatcher */,
			);
			path = bin;
			sourceTree = "<group>";
		};
		2AB2705E2655470D001EB8C9 /* script */ = {
			isa = PBXGroup;
			children = (
			);
			path = script;
			sourceTree = "<group>";
		};
/* End PBXGroup section */

/* Begin PBXNativeTarget section */
		2AB27042265530A9001EB8C9 /* Sleep-o-Mat */ = {
			isa = PBXNativeTarget;
			buildConfigurationList = 2AB27053265530AA001EB8C9 /* Build configuration list for PBXNativeTarget "Sleep-o-Mat" */;
			buildPhases = (
				2AB2703F265530A9001EB8C9 /* Sources */,
				2AB27040265530A9001EB8C9 /* Frameworks */,
				2AB27041265530A9001EB8C9 /* Resources */,
			);
			buildRules = (
			);
			dependencies = (
			);
			name = "Sleep-o-Mat";
			productName = "Sleep-o-Mat";
			productReference = 2AB27043265530A9001EB8C9 /* Sleep-o-Mat.app */;
			productType = "com.apple.product-type.application";
		};
/* End PBXNativeTarget section */

/* Begin PBXProject section */
		2AB2703B265530A9001EB8C9 /* Project object */ = {
			isa = PBXProject;
			attributes = {
				LastSwiftUpdateCheck = 1240;
				LastUpgradeCheck = 1240;
				TargetAttributes = {
					2AB27042265530A9001EB8C9 = {
						CreatedOnToolsVersion = 12.4;
					};
				};
			};
			buildConfigurationList = 2AB2703E265530A9001EB8C9 /* Build configuration list for PBXProject "Sleep-o-Mat" */;
			compatibilityVersion = "Xcode 9.3";
			developmentRegion = en;
			hasScannedForEncodings = 0;
			knownRegions = (
				en,
				Base,
			);
			mainGroup = 2AB2703A265530A9001EB8C9;
			productRefGroup = 2AB27044265530A9001EB8C9 /* Products */;
			projectDirPath = "";
			projectRoot = "";
			targets = (
				2AB27042265530A9001EB8C9 /* Sleep-o-Mat */,
			);
		};
/* End PBXProject section */

/* Begin PBXResourcesBuildPhase section */
		2AB27041265530A9001EB8C9 /* Resources */ = {
			isa = PBXResourcesBuildPhase;
			buildActionMask = 2147483647;
			files = (
				2AB2705C265546E8001EB8C9 /* sleepwatcher in Resources */,
				2AB2704B265530AA001EB8C9 /* Assets.xcassets in Resources */,
				2AB2704E265530AA001EB8C9 /* Main.storyboard in Resources */,
			);
			runOnlyForDeploymentPostprocessing = 0;
		};
/* End PBXResourcesBuildPhase section */

/* Begin PBXSourcesBuildPhase section */
		2AB2703F265530A9001EB8C9 /* Sources */ = {
			isa = PBXSourcesBuildPhase;
			buildActionMask = 2147483647;
			files = (
				2AB27049265530A9001EB8C9 /* MainWindow.swift in Sources */,
				2AB27047265530A9001EB8C9 /* AppDelegate.swift in Sources */,
			);
			runOnlyForDeploymentPostprocessing = 0;
		};
/* End PBXSourcesBuildPhase section */

/* Begin PBXVariantGroup section */
		2AB2704C265530AA001EB8C9 /* Main.storyboard */ = {
			isa = PBXVariantGroup;
			children = (
				2AB2704D265530AA001EB8C9 /* Base */,
			);
			name = Main.storyboard;
			sourceTree = "<group>";
		};
/* End PBXVariantGroup section */

/* Begin XCBuildConfiguration section */
		2AB27051265530AA001EB8C9 /* Debug */ = {
			isa = XCBuildConfiguration;
			buildSettings = {
				ALWAYS_SEARCH_USER_PATHS = NO;
				CLANG_ANALYZER_NONNULL = YES;
				CLANG_ANALYZER_NUMBER_OBJECT_CONVERSION = YES_AGGRESSIVE;
				CLANG_CXX_LANGUAGE_STANDARD = "gnu++14";
				CLANG_CXX_LIBRARY = "libc++";
				CLANG_ENABLE_MODULES = YES;
				CLANG_ENABLE_OBJC_ARC = YES;
				CLANG_ENABLE_OBJC_WEAK = YES;
				CLANG_WARN_BLOCK_CAPTURE_AUTORELEASING = YES;
				CLANG_WARN_BOOL_CONVERSION = YES;
				CLANG_WARN_COMMA = YES;
				CLANG_WARN_CONSTANT_CONVERSION = YES;
				CLANG_WARN_DEPRECATED_OBJC_IMPLEMENTATIONS = YES;
				CLANG_WARN_DIRECT_OBJC_ISA_USAGE = YES_ERROR;
				CLANG_WARN_DOCUMENTATION_COMMENTS = YES;
				CLANG_WARN_EMPTY_BODY = YES;
				CLANG_WARN_ENUM_CONVERSION = YES;
				CLANG_WARN_INFINITE_RECURSION = YES;
				CLANG_WARN_INT_CONVERSION = YES;
				CLANG_WARN_NON_LITERAL_NULL_CONVERSION = YES;
				CLANG_WARN_OBJC_IMPLICIT_RETAIN_SELF = YES;
				CLANG_WARN_OBJC_LITERAL_CONVERSION = YES;
				CLANG_WARN_OBJC_ROOT_CLASS = YES_ERROR;
				CLANG_WARN_QUOTED_INCLUDE_IN_FRAMEWORK_HEADER = YES;
				CLANG_WARN_RANGE_LOOP_ANALYSIS = YES;
				CLANG_WARN_STRICT_PROTOTYPES = YES;
				CLANG_WARN_SUSPICIOUS_MOVE = YES;
				CLANG_WARN_UNGUARDED_AVAILABILITY = YES_AGGRESSIVE;
				CLANG_WARN_UNREACHABLE_CODE = YES;
				CLANG_WARN__DUPLICATE_METHOD_MATCH = YES;
				COPY_PHASE_STRIP = NO;
				DEBUG_INFORMATION_FORMAT = dwarf;
				ENABLE_STRICT_OBJC_MSGSEND = YES;
				ENABLE_TESTABILITY = YES;
				GCC_C_LANGUAGE_STANDARD = gnu11;
				GCC_DYNAMIC_NO_PIC = NO;
				GCC_NO_COMMON_BLOCKS = YES;
				GCC_OPTIMIZATION_LEVEL = 0;
				GCC_PREPROCESSOR_DEFINITIONS = (
					"DEBUG=1",
					"$(inherited)",
				);
				GCC_WARN_64_TO_32_BIT_CONVERSION = YES;
				GCC_WARN_ABOUT_RETURN_TYPE = YES_ERROR;
				GCC_WARN_UNDECLARED_SELECTOR = YES;
				GCC_WARN_UNINITIALIZED_AUTOS = YES_AGGRESSIVE;
				GCC_WARN_UNUSED_FUNCTION = YES;
				GCC_WARN_UNUSED_VARIABLE = YES;
				MACOSX_DEPLOYMENT_TARGET = 10.15;
				MTL_ENABLE_DEBUG_INFO = INCLUDE_SOURCE;
				MTL_FAST_MATH = YES;
				ONLY_ACTIVE_ARCH = YES;
				SDKROOT = macosx;
				SWIFT_ACTIVE_COMPILATION_CONDITIONS = DEBUG;
				SWIFT_OPTIMIZATION_LEVEL = "-Onone";
			};
			name = Debug;
		};
		2AB27052265530AA001EB8C9 /* Release */ = {
			isa = XCBuildConfiguration;
			buildSettings = {
				ALWAYS_SEARCH_USER_PATHS = NO;
				CLANG_ANALYZER_NONNULL = YES;
				CLANG_ANALYZER_NUMBER_OBJECT_CONVERSION = YES_AGGRESSIVE;
				CLANG_CXX_LANGUAGE_STANDARD = "gnu++14";
				CLANG_CXX_LIBRARY = "libc++";
				CLANG_ENABLE_MODULES = YES;
				CLANG_ENABLE_OBJC_ARC = YES;
				CLANG_ENABLE_OBJC_WEAK = YES;
				CLANG_WARN_BLOCK_CAPTURE_AUTORELEASING = YES;
				CLANG_WARN_BOOL_CONVERSION = YES;
				CLANG_WARN_COMMA = YES;
				CLANG_WARN_CONSTANT_CONVERSION = YES;
				CLANG_WARN_DEPRECATED_OBJC_IMPLEMENTATIONS = YES;
				CLANG_WARN_DIRECT_OBJC_ISA_USAGE = YES_ERROR;
				CLANG_WARN_DOCUMENTATION_COMMENTS = YES;
				CLANG_WARN_EMPTY_BODY = YES;
				CLANG_WARN_ENUM_CONVERSION = YES;
				CLANG_WARN_INFINITE_RECURSION = YES;
				CLANG_WARN_INT_CONVERSION = YES;
				CLANG_WARN_NON_LITERAL_NULL_CONVERSION = YES;
				CLANG_WARN_OBJC_IMPLICIT_RETAIN_SELF = YES;
				CLANG_WARN_OBJC_LITERAL_CONVERSION = YES;
				CLANG_WARN_OBJC_ROOT_CLASS = YES_ERROR;
				CLANG_WARN_QUOTED_INCLUDE_IN_FRAMEWORK_HEADER = YES;
				CLANG_WARN_RANGE_LOOP_ANALYSIS = YES;
				CLANG_WARN_STRICT_PROTOTYPES = YES;
				CLANG_WARN_SUSPICIOUS_MOVE = YES;
				CLANG_WARN_UNGUARDED_AVAILABILITY = YES_AGGRESSIVE;
				CLANG_WARN_UNREACHABLE_CODE = YES;
				CLANG_WARN__DUPLICATE_METHOD_MATCH = YES;
				COPY_PHASE_STRIP = NO;
				DEBUG_INFORMATION_FORMAT = "dwarf-with-dsym";
				ENABLE_NS_ASSERTIONS = NO;
				ENABLE_STRICT_OBJC_MSGSEND = YES;
				GCC_C_LANGUAGE_STANDARD = gnu11;
				GCC_NO_COMMON_BLOCKS = YES;
				GCC_WARN_64_TO_32_BIT_CONVERSION = YES;
				GCC_WARN_ABOUT_RETURN_TYPE = YES_ERROR;
				GCC_WARN_UNDECLARED_SELECTOR = YES;
				GCC_WARN_UNINITIALIZED_AUTOS = YES_AGGRESSIVE;
				GCC_WARN_UNUSED_FUNCTION = YES;
				GCC_WARN_UNUSED_VARIABLE = YES;
				MACOSX_DEPLOYMENT_TARGET = 10.15;
				MTL_ENABLE_DEBUG_INFO = NO;
				MTL_FAST_MATH = YES;
				SDKROOT = macosx;
				SWIFT_COMPILATION_MODE = wholemodule;
				SWIFT_OPTIMIZATION_LEVEL = "-O";
			};
			name = Release;
		};
		2AB27054265530AA001EB8C9 /* Debug */ = {
			isa = XCBuildConfiguration;
			buildSettings = {
				ASSETCATALOG_COMPILER_APPICON_NAME = AppIcon;
				ASSETCATALOG_COMPILER_GLOBAL_ACCENT_COLOR_NAME = AccentColor;
				CODE_SIGN_ENTITLEMENTS = "Sleep-o-Mat/Sleep_o_Mat.entitlements";
				CODE_SIGN_STYLE = Automatic;
				COMBINE_HIDPI_IMAGES = YES;
				DEVELOPMENT_TEAM = 4ATFWV7M4B;
				ENABLE_HARDENED_RUNTIME = NO;
				INFOPLIST_FILE = "Sleep-o-Mat/Info.plist";
				LD_RUNPATH_SEARCH_PATHS = (
					"$(inherited)",
					"@executable_path/../Frameworks",
				);
				MARKETING_VERSION = 0.1;
				PRODUCT_BUNDLE_IDENTIFIER = "slsoft.de.sleep-o-mat";
				PRODUCT_NAME = "$(TARGET_NAME)";
				SWIFT_VERSION = 5.0;
			};
			name = Debug;
		};
		2AB27055265530AA001EB8C9 /* Release */ = {
			isa = XCBuildConfiguration;
			buildSettings = {
				ASSETCATALOG_COMPILER_APPICON_NAME = AppIcon;
				ASSETCATALOG_COMPILER_GLOBAL_ACCENT_COLOR_NAME = AccentColor;
				CODE_SIGN_ENTITLEMENTS = "Sleep-o-Mat/Sleep_o_Mat.entitlements";
				CODE_SIGN_STYLE = Automatic;
				COMBINE_HIDPI_IMAGES = YES;
				DEVELOPMENT_TEAM = 4ATFWV7M4B;
				ENABLE_HARDENED_RUNTIME = NO;
				INFOPLIST_FILE = "Sleep-o-Mat/Info.plist";
				LD_RUNPATH_SEARCH_PATHS = (
					"$(inherited)",
					"@executable_path/../Frameworks",
				);
				MARKETING_VERSION = 0.1;
				PRODUCT_BUNDLE_IDENTIFIER = "slsoft.de.sleep-o-mat";
				PRODUCT_NAME = "$(TARGET_NAME)";
				SWIFT_VERSION = 5.0;
			};
			name = Release;
		};
/* End XCBuildConfiguration section */

/* Begin XCConfigurationList section */
		2AB2703E265530A9001EB8C9 /* Build configuration list for PBXProject "Sleep-o-Mat" */ = {
			isa = XCConfigurationList;
			buildConfigurations = (
				2AB27051265530AA001EB8C9 /* Debug */,
				2AB27052265530AA001EB8C9 /* Release */,
			);
			defaultConfigurationIsVisible = 0;
			defaultConfigurationName = Release;
		};
		2AB27053265530AA001EB8C9 /* Build configuration list for PBXNativeTarget "Sleep-o-Mat" */ = {
			isa = XCConfigurationList;
			buildConfigurations = (
				2AB27054265530AA001EB8C9 /* Debug */,
				2AB27055265530AA001EB8C9 /* Release */,
			);
			defaultConfigurationIsVisible = 0;
			defaultConfigurationName = Release;
		};
/* End XCConfigurationList section */
	};
	rootObject = 2AB2703B265530A9001EB8C9 /* Project object */;
}
